
Microsoft Visual Studio Solution File, Format Version 12.00
# Visual Studio 15
VisualStudioVersion = 15.0.27130.2020
MinimumVisualStudioVersion = 10.0.40219.1
Project("{FAE04EC0-301F-11D3-BF4B-00C04F79EFBC}") = "WindchillTestConsole", "WindchillTestConsole\WindchillTestConsole.csproj", "{F479BA77-E2B7-487D-AB4C-C4F39A8B38E0}"
EndProject
Project("{FAE04EC0-301F-11D3-BF4B-00C04F79EFBC}") = "WindchillServiceDocMock", "WindchillServiceDocMock\WindchillServiceDocMock.csproj", "{16C51C42-0907-4CCF-A6EE-12E023C0CF13}"
EndProject
Project("{54435603-DBB4-11D2-8724-00A0C9A8B90C}") = "WindchillDocMockServiceWebSetup", "WindchillDocMockServiceWebSetup\WindchillDocMockServiceWebSetup.vdproj", "{834BA0D4-5EB8-4D92-80B0-D283FC3D3A30}"
EndProject
Project("{FAE04EC0-301F-11D3-BF4B-00C04F79EFBC}") = "WindchillDocConnectorLibrary", "WindchillDocConnector\WindchillDocConnectorLibrary.csproj", "{C10B22A4-E55A-4968-9315-D1FA0C9CD629}"
EndProject
Global
	GlobalSection(SolutionConfigurationPlatforms) = preSolution
		Debug|Any CPU = Debug|Any CPU
		Release|Any CPU = Release|Any CPU
	EndGlobalSection
	GlobalSection(ProjectConfigurationPlatforms) = postSolution
		{F479BA77-E2B7-487D-AB4C-C4F39A8B38E0}.Debug|Any CPU.ActiveCfg = Debug|Any CPU
		{F479BA77-E2B7-487D-AB4C-C4F39A8B38E0}.Debug|Any CPU.Build.0 = Debug|Any CPU
		{F479BA77-E2B7-487D-AB4C-C4F39A8B38E0}.Release|Any CPU.ActiveCfg = Release|Any CPU
		{F479BA77-E2B7-487D-AB4C-C4F39A8B38E0}.Release|Any CPU.Build.0 = Release|Any CPU
		{16C51C42-0907-4CCF-A6EE-12E023C0CF13}.Debug|Any CPU.ActiveCfg = Debug|Any CPU
		{16C51C42-0907-4CCF-A6EE-12E023C0CF13}.Debug|Any CPU.Build.0 = Debug|Any CPU
		{16C51C42-0907-4CCF-A6EE-12E023C0CF13}.Release|Any CPU.ActiveCfg = Release|Any CPU
		{16C51C42-0907-4CCF-A6EE-12E023C0CF13}.Release|Any CPU.Build.0 = Release|Any CPU
		{834BA0D4-5EB8-4D92-80B0-D283FC3D3A30}.Debug|Any CPU.ActiveCfg = Debug
		{834BA0D4-5EB8-4D92-80B0-D283FC3D3A30}.Release|Any CPU.ActiveCfg = Release
		{C10B22A4-E55A-4968-9315-D1FA0C9CD629}.Debug|Any CPU.ActiveCfg = Debug|Any CPU
		{C10B22A4-E55A-4968-9315-D1FA0C9CD629}.Debug|Any CPU.Build.0 = Debug|Any CPU
		{C10B22A4-E55A-4968-9315-D1FA0C9CD629}.Release|Any CPU.ActiveCfg = Release|Any CPU
		{C10B22A4-E55A-4968-9315-D1FA0C9CD629}.Release|Any CPU.Build.0 = Release|Any CPU
	EndGlobalSection
	GlobalSection(SolutionProperties) = preSolution
		HideSolutionNode = FALSE
	EndGlobalSection
	GlobalSection(ExtensibilityGlobals) = postSolution
		SolutionGuid = {85F7D7E6-570A-4B09-AA23-D345F5782D7E}
	EndGlobalSection
EndGlobal
