
Microsoft Visual Studio Solution File, Format Version 12.00
# Visual Studio 14
VisualStudioVersion = 14.0.25420.1
MinimumVisualStudioVersion = 10.0.40219.1
Project("{FAE04EC0-301F-11D3-BF4B-00C04F79EFBC}") = "InforConnectorLibrary", "InforConnector\InforConnectorLibrary.csproj", "{6F474390-5786-49AD-A700-53B58115D859}"
EndProject
Project("{FAE04EC0-301F-11D3-BF4B-00C04F79EFBC}") = "TestInforConsole", "TestInforConsole\TestInforConsole.csproj", "{68CE1920-DB77-43F3-9FB0-2884BC1A1F46}"
EndProject
Global
	GlobalSection(SolutionConfigurationPlatforms) = preSolution
		Debug|Any CPU = Debug|Any CPU
		Release|Any CPU = Release|Any CPU
	EndGlobalSection
	GlobalSection(ProjectConfigurationPlatforms) = postSolution
		{6F474390-5786-49AD-A700-53B58115D859}.Debug|Any CPU.ActiveCfg = Debug|Any CPU
		{6F474390-5786-49AD-A700-53B58115D859}.Debug|Any CPU.Build.0 = Debug|Any CPU
		{6F474390-5786-49AD-A700-53B58115D859}.Release|Any CPU.ActiveCfg = Release|Any CPU
		{6F474390-5786-49AD-A700-53B58115D859}.Release|Any CPU.Build.0 = Release|Any CPU
		{68CE1920-DB77-43F3-9FB0-2884BC1A1F46}.Debug|Any CPU.ActiveCfg = Debug|Any CPU
		{68CE1920-DB77-43F3-9FB0-2884BC1A1F46}.Debug|Any CPU.Build.0 = Debug|Any CPU
		{68CE1920-DB77-43F3-9FB0-2884BC1A1F46}.Release|Any CPU.ActiveCfg = Release|Any CPU
		{68CE1920-DB77-43F3-9FB0-2884BC1A1F46}.Release|Any CPU.Build.0 = Release|Any CPU
	EndGlobalSection
	GlobalSection(SolutionProperties) = preSolution
		HideSolutionNode = FALSE
	EndGlobalSection
	GlobalSection(ExtensibilityGlobals) = postSolution
		SolutionGuid = {11547B0D-FCAC-4183-A296-29BAABCAA01F}
	EndGlobalSection
EndGlobal
